
Microsoft Visual Studio Solution File, Format Version 12.00
# Visual Studio Version 17
VisualStudioVersion = 17.8.34309.116
MinimumVisualStudioVersion = 10.0.40219.1
Project("{9A19103F-16F7-4668-BE54-9A1E7A4F7556}") = "BlazorGames", "BlazorGames\BlazorGames.csproj", "{DAA50835-F439-485B-A70D-765BF28C69A6}"
EndProject
Project("{9A19103F-16F7-4668-BE54-9A1E7A4F7556}") = "LogicLayer", "LogicLayer\LogicLayer.csproj", "{5A24640E-F3D6-4DB2-946E-61DC8E8B8B50}"
EndProject
Global
	GlobalSection(SolutionConfigurationPlatforms) = preSolution
		Debug|Any CPU = Debug|Any CPU
		Release|Any CPU = Release|Any CPU
	EndGlobalSection
	GlobalSection(ProjectConfigurationPlatforms) = postSolution
		{DAA50835-F439-485B-A70D-765BF28C69A6}.Debug|Any CPU.ActiveCfg = Debug|Any CPU
		{DAA50835-F439-485B-A70D-765BF28C69A6}.Debug|Any CPU.Build.0 = Debug|Any CPU
		{DAA50835-F439-485B-A70D-765BF28C69A6}.Release|Any CPU.ActiveCfg = Release|Any CPU
		{DAA50835-F439-485B-A70D-765BF28C69A6}.Release|Any CPU.Build.0 = Release|Any CPU
		{5A24640E-F3D6-4DB2-946E-61DC8E8B8B50}.Debug|Any CPU.ActiveCfg = Debug|Any CPU
		{5A24640E-F3D6-4DB2-946E-61DC8E8B8B50}.Debug|Any CPU.Build.0 = Debug|Any CPU
		{5A24640E-F3D6-4DB2-946E-61DC8E8B8B50}.Release|Any CPU.ActiveCfg = Release|Any CPU
		{5A24640E-F3D6-4DB2-946E-61DC8E8B8B50}.Release|Any CPU.Build.0 = Release|Any CPU
	EndGlobalSection
	GlobalSection(SolutionProperties) = preSolution
		HideSolutionNode = FALSE
	EndGlobalSection
	GlobalSection(ExtensibilityGlobals) = postSolution
		SolutionGuid = {78EB4D59-0582-42F5-9C0B-43E970E544F1}
	EndGlobalSection
EndGlobal
